
Microsoft Visual Studio Solution File, Format Version 12.00
# Visual Studio Version 17
VisualStudioVersion = 17.5.33530.505
MinimumVisualStudioVersion = 10.0.40219.1
Project("{8BC9CEB8-8B4A-11D0-8D11-00A0C91BC942}") = "0401 async для файлів", "0401 async для файлів\0401 async для файлів.vcxproj", "{90230F9E-21EB-4B17-BB0F-961527C6AED0}"
EndProject
Global
	GlobalSection(SolutionConfigurationPlatforms) = preSolution
		Debug|x64 = Debug|x64
		Debug|x86 = Debug|x86
		Release|x64 = Release|x64
		Release|x86 = Release|x86
	EndGlobalSection
	GlobalSection(ProjectConfigurationPlatforms) = postSolution
		{90230F9E-21EB-4B17-BB0F-961527C6AED0}.Debug|x64.ActiveCfg = Debug|x64
		{90230F9E-21EB-4B17-BB0F-961527C6AED0}.Debug|x64.Build.0 = Debug|x64
		{90230F9E-21EB-4B17-BB0F-961527C6AED0}.Debug|x86.ActiveCfg = Debug|Win32
		{90230F9E-21EB-4B17-BB0F-961527C6AED0}.Debug|x86.Build.0 = Debug|Win32
		{90230F9E-21EB-4B17-BB0F-961527C6AED0}.Release|x64.ActiveCfg = Release|x64
		{90230F9E-21EB-4B17-BB0F-961527C6AED0}.Release|x64.Build.0 = Release|x64
		{90230F9E-21EB-4B17-BB0F-961527C6AED0}.Release|x86.ActiveCfg = Release|Win32
		{90230F9E-21EB-4B17-BB0F-961527C6AED0}.Release|x86.Build.0 = Release|Win32
	EndGlobalSection
	GlobalSection(SolutionProperties) = preSolution
		HideSolutionNode = FALSE
	EndGlobalSection
	GlobalSection(ExtensibilityGlobals) = postSolution
		SolutionGuid = {7762037C-D397-43B1-AD04-DB351F5C61EA}
	EndGlobalSection
EndGlobal
